
Microsoft Visual Studio Solution File, Format Version 12.00
# Visual Studio Version 16
VisualStudioVersion = 25.0.1706.5
MinimumVisualStudioVersion = 10.0.40219.1
Project("{FAE04EC0-301F-11D3-BF4B-00C04F79EFBC}") = "GameController", "GameController.csproj", "{122C33C7-1F1B-4DC0-B39C-7296960471EB}"
EndProject
Global
	GlobalSection(SolutionConfigurationPlatforms) = preSolution
		Debug|Any CPU = Debug|Any CPU
		Release|Any CPU = Release|Any CPU
	EndGlobalSection
	GlobalSection(ProjectConfigurationPlatforms) = postSolution
		{122C33C7-1F1B-4DC0-B39C-7296960471EB}.Debug|Any CPU.ActiveCfg = Debug|Any CPU
		{122C33C7-1F1B-4DC0-B39C-7296960471EB}.Debug|Any CPU.Build.0 = Debug|Any CPU
		{122C33C7-1F1B-4DC0-B39C-7296960471EB}.Release|Any CPU.ActiveCfg = Release|Any CPU
		{122C33C7-1F1B-4DC0-B39C-7296960471EB}.Release|Any CPU.Build.0 = Release|Any CPU
	EndGlobalSection
	GlobalSection(SolutionProperties) = preSolution
		HideSolutionNode = FALSE
	EndGlobalSection
	GlobalSection(ExtensibilityGlobals) = postSolution
		SolutionGuid = {4AC6F845-D81D-445E-A612-74C64C72E899}
	EndGlobalSection
EndGlobal
